// !$*UTF8*$!
{
	archiveVersion = 1;
	classes = {
	};
	objectVersion = 46;
	objects = {

/* Begin PBXBuildFile section */
		D74B6CF21AB1853000AFDC66 /* AppDelegate.swift in Sources */ = {isa = PBXBuildFile; fileRef = D74B6CF11AB1853000AFDC66 /* AppDelegate.swift */; };
		D74B6CF71AB1853000AFDC66 /* Main.storyboard in Resources */ = {isa = PBXBuildFile; fileRef = D74B6CF51AB1853000AFDC66 /* Main.storyboard */; };
		D74B6CF91AB1853000AFDC66 /* Images.xcassets in Resources */ = {isa = PBXBuildFile; fileRef = D74B6CF81AB1853000AFDC66 /* Images.xcassets */; };
		D74B6CFC1AB1853000AFDC66 /* LaunchScreen.xib in Resources */ = {isa = PBXBuildFile; fileRef = D74B6CFA1AB1853000AFDC66 /* LaunchScreen.xib */; };
		D74B6D081AB1853000AFDC66 /* GoodVSBadTests.swift in Sources */ = {isa = PBXBuildFile; fileRef = D74B6D071AB1853000AFDC66 /* GoodVSBadTests.swift */; };
		D74B6D131AB1854E00AFDC66 /* Player.swift in Sources */ = {isa = PBXBuildFile; fileRef = D74B6D121AB1854E00AFDC66 /* Player.swift */; };
		D74B6D151AB1856400AFDC66 /* GoodGuy.swift in Sources */ = {isa = PBXBuildFile; fileRef = D74B6D141AB1856400AFDC66 /* GoodGuy.swift */; };
		D74B6D171AB1857A00AFDC66 /* BadGuy.swift in Sources */ = {isa = PBXBuildFile; fileRef = D74B6D161AB1857A00AFDC66 /* BadGuy.swift */; };
		E92924C01AFB65CF003B7812 /* VillianClassSelectionScreen.swift in Sources */ = {isa = PBXBuildFile; fileRef = E92924BF1AFB65CE003B7812 /* VillianClassSelectionScreen.swift */; };
		E92924C21AFB6614003B7812 /* VillianClassInfoScreen.swift in Sources */ = {isa = PBXBuildFile; fileRef = E92924C11AFB6614003B7812 /* VillianClassInfoScreen.swift */; };
		E92AC8451B2D3773001588AB /* MainGame.swift in Sources */ = {isa = PBXBuildFile; fileRef = E92AC8441B2D3773001588AB /* MainGame.swift */; };
		E94EDD601AC0099C00E7D7AF /* HeroClassSelectionScreen.swift in Sources */ = {isa = PBXBuildFile; fileRef = E94EDD5F1AC0099C00E7D7AF /* HeroClassSelectionScreen.swift */; };
		E94EDD621AC036E000E7D7AF /* HeroClassInfoScreen.swift in Sources */ = {isa = PBXBuildFile; fileRef = E94EDD611AC036E000E7D7AF /* HeroClassInfoScreen.swift */; };
		E959FEEC1B18957F002C5853 /* SplitScreenViewController.swift in Sources */ = {isa = PBXBuildFile; fileRef = E959FEEB1B18957F002C5853 /* SplitScreenViewController.swift */; };
		E9769FDE1B1870B5004B47E6 /* GameModel.xcdatamodeld in Sources */ = {isa = PBXBuildFile; fileRef = E9769FDC1B1870B5004B47E6 /* GameModel.xcdatamodeld */; };
		E9769FE01B187314004B47E6 /* MenuScreen.swift in Sources */ = {isa = PBXBuildFile; fileRef = E9769FDF1B187314004B47E6 /* MenuScreen.swift */; };
		E9769FE21B187DBE004B47E6 /* Game.swift in Sources */ = {isa = PBXBuildFile; fileRef = E9769FE11B187DBE004B47E6 /* Game.swift */; };
		E9769FE41B18817F004B47E6 /* VillianReadyScreen.swift in Sources */ = {isa = PBXBuildFile; fileRef = E9769FE31B18817F004B47E6 /* VillianReadyScreen.swift */; };
		E9769FE61B1881D2004B47E6 /* HeroReadyScreen.swift in Sources */ = {isa = PBXBuildFile; fileRef = E9769FE51B1881D2004B47E6 /* HeroReadyScreen.swift */; };
/* End PBXBuildFile section */

/* Begin PBXContainerItemProxy section */
		D74B6D021AB1853000AFDC66 /* PBXContainerItemProxy */ = {
			isa = PBXContainerItemProxy;
			containerPortal = D74B6CE41AB1853000AFDC66 /* Project object */;
			proxyType = 1;
			remoteGlobalIDString = D74B6CEB1AB1853000AFDC66;
			remoteInfo = GoodVSBad;
		};
/* End PBXContainerItemProxy section */

/* Begin PBXFileReference section */
		D74B6CEC1AB1853000AFDC66 /* GoodVSBad.app */ = {isa = PBXFileReference; explicitFileType = wrapper.application; includeInIndex = 0; path = GoodVSBad.app; sourceTree = BUILT_PRODUCTS_DIR; };
		D74B6CF01AB1853000AFDC66 /* Info.plist */ = {isa = PBXFileReference; lastKnownFileType = text.plist.xml; path = Info.plist; sourceTree = "<group>"; };
		D74B6CF11AB1853000AFDC66 /* AppDelegate.swift */ = {isa = PBXFileReference; lastKnownFileType = sourcecode.swift; path = AppDelegate.swift; sourceTree = "<group>"; };
		D74B6CF61AB1853000AFDC66 /* Base */ = {isa = PBXFileReference; lastKnownFileType = file.storyboard; name = Base; path = Base.lproj/Main.storyboard; sourceTree = "<group>"; };
		D74B6CF81AB1853000AFDC66 /* Images.xcassets */ = {isa = PBXFileReference; lastKnownFileType = folder.assetcatalog; path = Images.xcassets; sourceTree = "<group>"; };
		D74B6CFB1AB1853000AFDC66 /* Base */ = {isa = PBXFileReference; lastKnownFileType = file.xib; name = Base; path = Base.lproj/LaunchScreen.xib; sourceTree = "<group>"; };
		D74B6D011AB1853000AFDC66 /* GoodVSBadTests.xctest */ = {isa = PBXFileReference; explicitFileType = wrapper.cfbundle; includeInIndex = 0; path = GoodVSBadTests.xctest; sourceTree = BUILT_PRODUCTS_DIR; };
		D74B6D061AB1853000AFDC66 /* Info.plist */ = {isa = PBXFileReference; lastKnownFileType = text.plist.xml; path = Info.plist; sourceTree = "<group>"; };
		D74B6D071AB1853000AFDC66 /* GoodVSBadTests.swift */ = {isa = PBXFileReference; lastKnownFileType = sourcecode.swift; path = GoodVSBadTests.swift; sourceTree = "<group>"; };
		D74B6D121AB1854E00AFDC66 /* Player.swift */ = {isa = PBXFileReference; fileEncoding = 4; lastKnownFileType = sourcecode.swift; path = Player.swift; sourceTree = "<group>"; };
		D74B6D141AB1856400AFDC66 /* GoodGuy.swift */ = {isa = PBXFileReference; fileEncoding = 4; lastKnownFileType = sourcecode.swift; path = GoodGuy.swift; sourceTree = "<group>"; };
		D74B6D161AB1857A00AFDC66 /* BadGuy.swift */ = {isa = PBXFileReference; fileEncoding = 4; lastKnownFileType = sourcecode.swift; path = BadGuy.swift; sourceTree = "<group>"; };
		E92924BF1AFB65CE003B7812 /* VillianClassSelectionScreen.swift */ = {isa = PBXFileReference; fileEncoding = 4; lastKnownFileType = sourcecode.swift; path = VillianClassSelectionScreen.swift; sourceTree = "<group>"; };
		E92924C11AFB6614003B7812 /* VillianClassInfoScreen.swift */ = {isa = PBXFileReference; fileEncoding = 4; lastKnownFileType = sourcecode.swift; path = VillianClassInfoScreen.swift; sourceTree = "<group>"; };
		E92AC8441B2D3773001588AB /* MainGame.swift */ = {isa = PBXFileReference; fileEncoding = 4; lastKnownFileType = sourcecode.swift; name = MainGame.swift; path = ../../../.Trash/MainGame.swift; sourceTree = "<group>"; };
		E94EDD5F1AC0099C00E7D7AF /* HeroClassSelectionScreen.swift */ = {isa = PBXFileReference; fileEncoding = 4; lastKnownFileType = sourcecode.swift; path = HeroClassSelectionScreen.swift; sourceTree = "<group>"; };
		E94EDD611AC036E000E7D7AF /* HeroClassInfoScreen.swift */ = {isa = PBXFileReference; fileEncoding = 4; lastKnownFileType = sourcecode.swift; path = HeroClassInfoScreen.swift; sourceTree = "<group>"; };
		E959FEEB1B18957F002C5853 /* SplitScreenViewController.swift */ = {isa = PBXFileReference; fileEncoding = 4; lastKnownFileType = sourcecode.swift; path = SplitScreenViewController.swift; sourceTree = "<group>"; };
		E9769FDD1B1870B5004B47E6 /* GameModel.xcdatamodel */ = {isa = PBXFileReference; lastKnownFileType = wrapper.xcdatamodel; path = GameModel.xcdatamodel; sourceTree = "<group>"; };
		E9769FDF1B187314004B47E6 /* MenuScreen.swift */ = {isa = PBXFileReference; fileEncoding = 4; lastKnownFileType = sourcecode.swift; path = MenuScreen.swift; sourceTree = "<group>"; };
		E9769FE11B187DBE004B47E6 /* Game.swift */ = {isa = PBXFileReference; fileEncoding = 4; lastKnownFileType = sourcecode.swift; path = Game.swift; sourceTree = "<group>"; };
		E9769FE31B18817F004B47E6 /* VillianReadyScreen.swift */ = {isa = PBXFileReference; fileEncoding = 4; lastKnownFileType = sourcecode.swift; path = VillianReadyScreen.swift; sourceTree = "<group>"; };
		E9769FE51B1881D2004B47E6 /* HeroReadyScreen.swift */ = {isa = PBXFileReference; fileEncoding = 4; lastKnownFileType = sourcecode.swift; path = HeroReadyScreen.swift; sourceTree = "<group>"; };
		E9C8DB701AF8D3C80089D3C5 /* MyPlayground.playground */ = {isa = PBXFileReference; lastKnownFileType = file.playground; path = MyPlayground.playground; sourceTree = "<group>"; };
/* End PBXFileReference section */

/* Begin PBXFrameworksBuildPhase section */
		D74B6CE91AB1853000AFDC66 /* Frameworks */ = {
			isa = PBXFrameworksBuildPhase;
			buildActionMask = 2147483647;
			files = (
			);
			runOnlyForDeploymentPostprocessing = 0;
		};
		D74B6CFE1AB1853000AFDC66 /* Frameworks */ = {
			isa = PBXFrameworksBuildPhase;
			buildActionMask = 2147483647;
			files = (
			);
			runOnlyForDeploymentPostprocessing = 0;
		};
/* End PBXFrameworksBuildPhase section */

/* Begin PBXGroup section */
		D74B6CE31AB1853000AFDC66 = {
			isa = PBXGroup;
			children = (
				D74B6CEE1AB1853000AFDC66 /* GoodVSBad */,
				D74B6D041AB1853000AFDC66 /* GoodVSBadTests */,
				D74B6CED1AB1853000AFDC66 /* Products */,
			);
			sourceTree = "<group>";
		};
		D74B6CED1AB1853000AFDC66 /* Products */ = {
			isa = PBXGroup;
			children = (
				D74B6CEC1AB1853000AFDC66 /* GoodVSBad.app */,
				D74B6D011AB1853000AFDC66 /* GoodVSBadTests.xctest */,
			);
			name = Products;
			sourceTree = "<group>";
		};
		D74B6CEE1AB1853000AFDC66 /* GoodVSBad */ = {
			isa = PBXGroup;
			children = (
				D74B6CF51AB1853000AFDC66 /* Main.storyboard */,
				D74B6CF11AB1853000AFDC66 /* AppDelegate.swift */,
				E9769FDF1B187314004B47E6 /* MenuScreen.swift */,
				E92AC8441B2D3773001588AB /* MainGame.swift */,
				E959FEEB1B18957F002C5853 /* SplitScreenViewController.swift */,
				E94EDD5F1AC0099C00E7D7AF /* HeroClassSelectionScreen.swift */,
				E92924BF1AFB65CE003B7812 /* VillianClassSelectionScreen.swift */,
				E94EDD611AC036E000E7D7AF /* HeroClassInfoScreen.swift */,
				E92924C11AFB6614003B7812 /* VillianClassInfoScreen.swift */,
				E9769FE51B1881D2004B47E6 /* HeroReadyScreen.swift */,
				E9769FE31B18817F004B47E6 /* VillianReadyScreen.swift */,
				E9769FDC1B1870B5004B47E6 /* GameModel.xcdatamodeld */,
				E9769FE11B187DBE004B47E6 /* Game.swift */,
				D74B6D111AB1853900AFDC66 /* Models */,
				E9C8DB701AF8D3C80089D3C5 /* MyPlayground.playground */,
				D74B6CF81AB1853000AFDC66 /* Images.xcassets */,
				D74B6CFA1AB1853000AFDC66 /* LaunchScreen.xib */,
				D74B6CEF1AB1853000AFDC66 /* Supporting Files */,
			);
			path = GoodVSBad;
			sourceTree = "<group>";
		};
		D74B6CEF1AB1853000AFDC66 /* Supporting Files */ = {
			isa = PBXGroup;
			children = (
				D74B6CF01AB1853000AFDC66 /* Info.plist */,
			);
			name = "Supporting Files";
			sourceTree = "<group>";
		};
		D74B6D041AB1853000AFDC66 /* GoodVSBadTests */ = {
			isa = PBXGroup;
			children = (
				D74B6D071AB1853000AFDC66 /* GoodVSBadTests.swift */,
				D74B6D051AB1853000AFDC66 /* Supporting Files */,
			);
			path = GoodVSBadTests;
			sourceTree = "<group>";
		};
		D74B6D051AB1853000AFDC66 /* Supporting Files */ = {
			isa = PBXGroup;
			children = (
				D74B6D061AB1853000AFDC66 /* Info.plist */,
			);
			name = "Supporting Files";
			sourceTree = "<group>";
		};
		D74B6D111AB1853900AFDC66 /* Models */ = {
			isa = PBXGroup;
			children = (
				D74B6D121AB1854E00AFDC66 /* Player.swift */,
				D74B6D141AB1856400AFDC66 /* GoodGuy.swift */,
				D74B6D161AB1857A00AFDC66 /* BadGuy.swift */,
			);
			name = Models;
			sourceTree = "<group>";
		};
/* End PBXGroup section */

/* Begin PBXNativeTarget section */
		D74B6CEB1AB1853000AFDC66 /* GoodVSBad */ = {
			isa = PBXNativeTarget;
			buildConfigurationList = D74B6D0B1AB1853000AFDC66 /* Build configuration list for PBXNativeTarget "GoodVSBad" */;
			buildPhases = (
				D74B6CE81AB1853000AFDC66 /* Sources */,
				D74B6CE91AB1853000AFDC66 /* Frameworks */,
				D74B6CEA1AB1853000AFDC66 /* Resources */,
			);
			buildRules = (
			);
			dependencies = (
			);
			name = GoodVSBad;
			productName = GoodVSBad;
			productReference = D74B6CEC1AB1853000AFDC66 /* GoodVSBad.app */;
			productType = "com.apple.product-type.application";
		};
		D74B6D001AB1853000AFDC66 /* GoodVSBadTests */ = {
			isa = PBXNativeTarget;
			buildConfigurationList = D74B6D0E1AB1853000AFDC66 /* Build configuration list for PBXNativeTarget "GoodVSBadTests" */;
			buildPhases = (
				D74B6CFD1AB1853000AFDC66 /* Sources */,
				D74B6CFE1AB1853000AFDC66 /* Frameworks */,
				D74B6CFF1AB1853000AFDC66 /* Resources */,
			);
			buildRules = (
			);
			dependencies = (
				D74B6D031AB1853000AFDC66 /* PBXTargetDependency */,
			);
			name = GoodVSBadTests;
			productName = GoodVSBadTests;
			productReference = D74B6D011AB1853000AFDC66 /* GoodVSBadTests.xctest */;
			productType = "com.apple.product-type.bundle.unit-test";
		};
/* End PBXNativeTarget section */

/* Begin PBXProject section */
		D74B6CE41AB1853000AFDC66 /* Project object */ = {
			isa = PBXProject;
			attributes = {
				LastUpgradeCheck = 0610;
				ORGANIZATIONNAME = "ACME Inc";
				TargetAttributes = {
					D74B6CEB1AB1853000AFDC66 = {
						CreatedOnToolsVersion = 6.1.1;
						DevelopmentTeam = 4MEK7JFTWX;
					};
					D74B6D001AB1853000AFDC66 = {
						CreatedOnToolsVersion = 6.1.1;
						TestTargetID = D74B6CEB1AB1853000AFDC66;
					};
				};
			};
			buildConfigurationList = D74B6CE71AB1853000AFDC66 /* Build configuration list for PBXProject "GoodVSBad" */;
			compatibilityVersion = "Xcode 3.2";
			developmentRegion = English;
			hasScannedForEncodings = 0;
			knownRegions = (
				en,
				Base,
			);
			mainGroup = D74B6CE31AB1853000AFDC66;
			productRefGroup = D74B6CED1AB1853000AFDC66 /* Products */;
			projectDirPath = "";
			projectRoot = "";
			targets = (
				D74B6CEB1AB1853000AFDC66 /* GoodVSBad */,
				D74B6D001AB1853000AFDC66 /* GoodVSBadTests */,
			);
		};
/* End PBXProject section */

/* Begin PBXResourcesBuildPhase section */
		D74B6CEA1AB1853000AFDC66 /* Resources */ = {
			isa = PBXResourcesBuildPhase;
			buildActionMask = 2147483647;
			files = (
				D74B6CF71AB1853000AFDC66 /* Main.storyboard in Resources */,
				D74B6CFC1AB1853000AFDC66 /* LaunchScreen.xib in Resources */,
				D74B6CF91AB1853000AFDC66 /* Images.xcassets in Resources */,
			);
			runOnlyForDeploymentPostprocessing = 0;
		};
		D74B6CFF1AB1853000AFDC66 /* Resources */ = {
			isa = PBXResourcesBuildPhase;
			buildActionMask = 2147483647;
			files = (
			);
			runOnlyForDeploymentPostprocessing = 0;
		};
/* End PBXResourcesBuildPhase section */

/* Begin PBXSourcesBuildPhase section */
		D74B6CE81AB1853000AFDC66 /* Sources */ = {
			isa = PBXSourcesBuildPhase;
			buildActionMask = 2147483647;
			files = (
				E9769FE21B187DBE004B47E6 /* Game.swift in Sources */,
				E9769FE41B18817F004B47E6 /* VillianReadyScreen.swift in Sources */,
				D74B6D131AB1854E00AFDC66 /* Player.swift in Sources */,
				D74B6D151AB1856400AFDC66 /* GoodGuy.swift in Sources */,
				D74B6D171AB1857A00AFDC66 /* BadGuy.swift in Sources */,
				E94EDD601AC0099C00E7D7AF /* HeroClassSelectionScreen.swift in Sources */,
				E959FEEC1B18957F002C5853 /* SplitScreenViewController.swift in Sources */,
				E94EDD621AC036E000E7D7AF /* HeroClassInfoScreen.swift in Sources */,
				E9769FE01B187314004B47E6 /* MenuScreen.swift in Sources */,
				E92AC8451B2D3773001588AB /* MainGame.swift in Sources */,
				D74B6CF21AB1853000AFDC66 /* AppDelegate.swift in Sources */,
				E9769FDE1B1870B5004B47E6 /* GameModel.xcdatamodeld in Sources */,
				E92924C21AFB6614003B7812 /* VillianClassInfoScreen.swift in Sources */,
				E92924C01AFB65CF003B7812 /* VillianClassSelectionScreen.swift in Sources */,
				E9769FE61B1881D2004B47E6 /* HeroReadyScreen.swift in Sources */,
			);
			runOnlyForDeploymentPostprocessing = 0;
		};
		D74B6CFD1AB1853000AFDC66 /* Sources */ = {
			isa = PBXSourcesBuildPhase;
			buildActionMask = 2147483647;
			files = (
				D74B6D081AB1853000AFDC66 /* GoodVSBadTests.swift in Sources */,
			);
			runOnlyForDeploymentPostprocessing = 0;
		};
/* End PBXSourcesBuildPhase section */

/* Begin PBXTargetDependency section */
		D74B6D031AB1853000AFDC66 /* PBXTargetDependency */ = {
			isa = PBXTargetDependency;
			target = D74B6CEB1AB1853000AFDC66 /* GoodVSBad */;
			targetProxy = D74B6D021AB1853000AFDC66 /* PBXContainerItemProxy */;
		};
/* End PBXTargetDependency section */

/* Begin PBXVariantGroup section */
		D74B6CF51AB1853000AFDC66 /* Main.storyboard */ = {
			isa = PBXVariantGroup;
			children = (
				D74B6CF61AB1853000AFDC66 /* Base */,
			);
			name = Main.storyboard;
			sourceTree = "<group>";
		};
		D74B6CFA1AB1853000AFDC66 /* LaunchScreen.xib */ = {
			isa = PBXVariantGroup;
			children = (
				D74B6CFB1AB1853000AFDC66 /* Base */,
			);
			name = LaunchScreen.xib;
			sourceTree = "<group>";
		};
/* End PBXVariantGroup section */

/* Begin XCBuildConfiguration section */
		D74B6D091AB1853000AFDC66 /* Debug */ = {
			isa = XCBuildConfiguration;
			buildSettings = {
				ALWAYS_SEARCH_USER_PATHS = NO;
				CLANG_CXX_LANGUAGE_STANDARD = "gnu++0x";
				CLANG_CXX_LIBRARY = "libc++";
				CLANG_ENABLE_MODULES = YES;
				CLANG_ENABLE_OBJC_ARC = YES;
				CLANG_WARN_BOOL_CONVERSION = YES;
				CLANG_WARN_CONSTANT_CONVERSION = YES;
				CLANG_WARN_DIRECT_OBJC_ISA_USAGE = YES_ERROR;
				CLANG_WARN_EMPTY_BODY = YES;
				CLANG_WARN_ENUM_CONVERSION = YES;
				CLANG_WARN_INT_CONVERSION = YES;
				CLANG_WARN_OBJC_ROOT_CLASS = YES_ERROR;
				CLANG_WARN_UNREACHABLE_CODE = YES;
				CLANG_WARN__DUPLICATE_METHOD_MATCH = YES;
				"CODE_SIGN_IDENTITY[sdk=iphoneos*]" = "iPhone Developer";
				COPY_PHASE_STRIP = NO;
				ENABLE_STRICT_OBJC_MSGSEND = YES;
				GCC_C_LANGUAGE_STANDARD = gnu99;
				GCC_DYNAMIC_NO_PIC = NO;
				GCC_OPTIMIZATION_LEVEL = 0;
				GCC_PREPROCESSOR_DEFINITIONS = (
					"DEBUG=1",
					"$(inherited)",
				);
				GCC_SYMBOLS_PRIVATE_EXTERN = NO;
				GCC_WARN_64_TO_32_BIT_CONVERSION = YES;
				GCC_WARN_ABOUT_RETURN_TYPE = YES_ERROR;
				GCC_WARN_UNDECLARED_SELECTOR = YES;
				GCC_WARN_UNINITIALIZED_AUTOS = YES_AGGRESSIVE;
				GCC_WARN_UNUSED_FUNCTION = YES;
				GCC_WARN_UNUSED_VARIABLE = YES;
				IPHONEOS_DEPLOYMENT_TARGET = 8.1;
				MTL_ENABLE_DEBUG_INFO = YES;
				ONLY_ACTIVE_ARCH = YES;
				SDKROOT = iphoneos;
				SWIFT_OPTIMIZATION_LEVEL = "-Onone";
				TARGETED_DEVICE_FAMILY = "1,2";
			};
			name = Debug;
		};
		D74B6D0A1AB1853000AFDC66 /* Release */ = {
			isa = XCBuildConfiguration;
			buildSettings = {
				ALWAYS_SEARCH_USER_PATHS = NO;
				CLANG_CXX_LANGUAGE_STANDARD = "gnu++0x";
				CLANG_CXX_LIBRARY = "libc++";
				CLANG_ENABLE_MODULES = YES;
				CLANG_ENABLE_OBJC_ARC = YES;
				CLANG_WARN_BOOL_CONVERSION = YES;
				CLANG_WARN_CONSTANT_CONVERSION = YES;
				CLANG_WARN_DIRECT_OBJC_ISA_USAGE = YES_ERROR;
				CLANG_WARN_EMPTY_BODY = YES;
				CLANG_WARN_ENUM_CONVERSION = YES;
				CLANG_WARN_INT_CONVERSION = YES;
				CLANG_WARN_OBJC_ROOT_CLASS = YES_ERROR;
				CLANG_WARN_UNREACHABLE_CODE = YES;
				CLANG_WARN__DUPLICATE_METHOD_MATCH = YES;
				"CODE_SIGN_IDENTITY[sdk=iphoneos*]" = "iPhone Developer";
				COPY_PHASE_STRIP = YES;
				ENABLE_NS_ASSERTIONS = NO;
				ENABLE_STRICT_OBJC_MSGSEND = YES;
				GCC_C_LANGUAGE_STANDARD = gnu99;
				GCC_WARN_64_TO_32_BIT_CONVERSION = YES;
				GCC_WARN_ABOUT_RETURN_TYPE = YES_ERROR;
				GCC_WARN_UNDECLARED_SELECTOR = YES;
				GCC_WARN_UNINITIALIZED_AUTOS = YES_AGGRESSIVE;
				GCC_WARN_UNUSED_FUNCTION = YES;
				GCC_WARN_UNUSED_VARIABLE = YES;
				IPHONEOS_DEPLOYMENT_TARGET = 8.1;
				MTL_ENABLE_DEBUG_INFO = NO;
				SDKROOT = iphoneos;
				TARGETED_DEVICE_FAMILY = "1,2";
				VALIDATE_PRODUCT = YES;
			};
			name = Release;
		};
		D74B6D0C1AB1853000AFDC66 /* Debug */ = {
			isa = XCBuildConfiguration;
			buildSettings = {
				ASSETCATALOG_COMPILER_APPICON_NAME = AppIcon;
				CODE_SIGN_IDENTITY = "iPhone Developer: Thomas Sesselmann (67BAJSUZDD)";
				INFOPLIST_FILE = GoodVSBad/Info.plist;
				LD_RUNPATH_SEARCH_PATHS = "$(inherited) @executable_path/Frameworks";
				PRODUCT_NAME = "$(TARGET_NAME)";
				PROVISIONING_PROFILE = "074d9c02-9a5c-4cf1-81ff-5fbed744eed7";
			};
			name = Debug;
		};
		D74B6D0D1AB1853000AFDC66 /* Release */ = {
			isa = XCBuildConfiguration;
			buildSettings = {
				ASSETCATALOG_COMPILER_APPICON_NAME = AppIcon;
				CODE_SIGN_IDENTITY = "iPhone Distribution: Thomas Sesselmann (4MEK7JFTWX)";
				INFOPLIST_FILE = GoodVSBad/Info.plist;
				LD_RUNPATH_SEARCH_PATHS = "$(inherited) @executable_path/Frameworks";
				PRODUCT_NAME = "$(TARGET_NAME)";
				PROVISIONING_PROFILE = "074d9c02-9a5c-4cf1-81ff-5fbed744eed7";
			};
			name = Release;
		};
		D74B6D0F1AB1853000AFDC66 /* Debug */ = {
			isa = XCBuildConfiguration;
			buildSettings = {
				BUNDLE_LOADER = "$(TEST_HOST)";
				FRAMEWORK_SEARCH_PATHS = (
					"$(SDKROOT)/Developer/Library/Frameworks",
					"$(inherited)",
				);
				GCC_PREPROCESSOR_DEFINITIONS = (
					"DEBUG=1",
					"$(inherited)",
				);
				INFOPLIST_FILE = GoodVSBadTests/Info.plist;
				LD_RUNPATH_SEARCH_PATHS = "$(inherited) @executable_path/Frameworks @loader_path/Frameworks";
				PRODUCT_NAME = "$(TARGET_NAME)";
				TEST_HOST = "$(BUILT_PRODUCTS_DIR)/GoodVSBad.app/GoodVSBad";
			};
			name = Debug;
		};
		D74B6D101AB1853000AFDC66 /* Release */ = {
			isa = XCBuildConfiguration;
			buildSettings = {
				BUNDLE_LOADER = "$(TEST_HOST)";
				FRAMEWORK_SEARCH_PATHS = (
					"$(SDKROOT)/Developer/Library/Frameworks",
					"$(inherited)",
				);
				INFOPLIST_FILE = GoodVSBadTests/Info.plist;
				LD_RUNPATH_SEARCH_PATHS = "$(inherited) @executable_path/Frameworks @loader_path/Frameworks";
				PRODUCT_NAME = "$(TARGET_NAME)";
				TEST_HOST = "$(BUILT_PRODUCTS_DIR)/GoodVSBad.app/GoodVSBad";
			};
			name = Release;
		};
/* End XCBuildConfiguration section */

/* Begin XCConfigurationList section */
		D74B6CE71AB1853000AFDC66 /* Build configuration list for PBXProject "GoodVSBad" */ = {
			isa = XCConfigurationList;
			buildConfigurations = (
				D74B6D091AB1853000AFDC66 /* Debug */,
				D74B6D0A1AB1853000AFDC66 /* Release */,
			);
			defaultConfigurationIsVisible = 0;
			defaultConfigurationName = Release;
		};
		D74B6D0B1AB1853000AFDC66 /* Build configuration list for PBXNativeTarget "GoodVSBad" */ = {
			isa = XCConfigurationList;
			buildConfigurations = (
				D74B6D0C1AB1853000AFDC66 /* Debug */,
				D74B6D0D1AB1853000AFDC66 /* Release */,
			);
			defaultConfigurationIsVisible = 0;
			defaultConfigurationName = Release;
		};
		D74B6D0E1AB1853000AFDC66 /* Build configuration list for PBXNativeTarget "GoodVSBadTests" */ = {
			isa = XCConfigurationList;
			buildConfigurations = (
				D74B6D0F1AB1853000AFDC66 /* Debug */,
				D74B6D101AB1853000AFDC66 /* Release */,
			);
			defaultConfigurationIsVisible = 0;
			defaultConfigurationName = Release;
		};
/* End XCConfigurationList section */

/* Begin XCVersionGroup section */
		E9769FDC1B1870B5004B47E6 /* GameModel.xcdatamodeld */ = {
			isa = XCVersionGroup;
			children = (
				E9769FDD1B1870B5004B47E6 /* GameModel.xcdatamodel */,
			);
			currentVersion = E9769FDD1B1870B5004B47E6 /* GameModel.xcdatamodel */;
			path = GameModel.xcdatamodeld;
			sourceTree = "<group>";
			versionGroupType = wrapper.xcdatamodel;
		};
/* End XCVersionGroup section */
	};
	rootObject = D74B6CE41AB1853000AFDC66 /* Project object */;
}
