// !$*UTF8*$!
{
	archiveVersion = 1;
	classes = {
	};
	objectVersion = 46;
	objects = {

/* Begin PBXBuildFile section */
		E9C7E8BB1ACA84C400423068 /* AppDelegate.swift in Sources */ = {isa = PBXBuildFile; fileRef = E9C7E8BA1ACA84C400423068 /* AppDelegate.swift */; };
		E9C7E8BD1ACA84C400423068 /* ViewController.swift in Sources */ = {isa = PBXBuildFile; fileRef = E9C7E8BC1ACA84C400423068 /* ViewController.swift */; };
		E9C7E8C01ACA84C400423068 /* Main.storyboard in Resources */ = {isa = PBXBuildFile; fileRef = E9C7E8BE1ACA84C400423068 /* Main.storyboard */; };
		E9C7E8C21ACA84C400423068 /* Images.xcassets in Resources */ = {isa = PBXBuildFile; fileRef = E9C7E8C11ACA84C400423068 /* Images.xcassets */; };
		E9C7E8C51ACA84C400423068 /* LaunchScreen.xib in Resources */ = {isa = PBXBuildFile; fileRef = E9C7E8C31ACA84C400423068 /* LaunchScreen.xib */; };
		E9C7E8D11ACA84C400423068 /* Toms_CalculatorTests.swift in Sources */ = {isa = PBXBuildFile; fileRef = E9C7E8D01ACA84C400423068 /* Toms_CalculatorTests.swift */; };
		E9C7E8DB1ACA8C2300423068 /* TomsButton.swift in Sources */ = {isa = PBXBuildFile; fileRef = E9C7E8DA1ACA8C2300423068 /* TomsButton.swift */; };
		E9C7E8DD1ACA8C4800423068 /* DigitButton.swift in Sources */ = {isa = PBXBuildFile; fileRef = E9C7E8DC1ACA8C4800423068 /* DigitButton.swift */; };
		E9C7E8DF1ACA8CC700423068 /* OperationButton.swift in Sources */ = {isa = PBXBuildFile; fileRef = E9C7E8DE1ACA8CC700423068 /* OperationButton.swift */; };
		E9C7E8E11ACA8CCE00423068 /* EqualsButton.swift in Sources */ = {isa = PBXBuildFile; fileRef = E9C7E8E01ACA8CCE00423068 /* EqualsButton.swift */; };
/* End PBXBuildFile section */

/* Begin PBXContainerItemProxy section */
		E9C7E8CB1ACA84C400423068 /* PBXContainerItemProxy */ = {
			isa = PBXContainerItemProxy;
			containerPortal = E9C7E8AD1ACA84C400423068 /* Project object */;
			proxyType = 1;
			remoteGlobalIDString = E9C7E8B41ACA84C400423068;
			remoteInfo = "Toms Calculator";
		};
/* End PBXContainerItemProxy section */

/* Begin PBXFileReference section */
		E9C7E8B51ACA84C400423068 /* Toms Calculator.app */ = {isa = PBXFileReference; explicitFileType = wrapper.application; includeInIndex = 0; path = "Toms Calculator.app"; sourceTree = BUILT_PRODUCTS_DIR; };
		E9C7E8B91ACA84C400423068 /* Info.plist */ = {isa = PBXFileReference; lastKnownFileType = text.plist.xml; path = Info.plist; sourceTree = "<group>"; };
		E9C7E8BA1ACA84C400423068 /* AppDelegate.swift */ = {isa = PBXFileReference; lastKnownFileType = sourcecode.swift; path = AppDelegate.swift; sourceTree = "<group>"; };
		E9C7E8BC1ACA84C400423068 /* ViewController.swift */ = {isa = PBXFileReference; lastKnownFileType = sourcecode.swift; path = ViewController.swift; sourceTree = "<group>"; };
		E9C7E8BF1ACA84C400423068 /* Base */ = {isa = PBXFileReference; lastKnownFileType = file.storyboard; name = Base; path = Base.lproj/Main.storyboard; sourceTree = "<group>"; };
		E9C7E8C11ACA84C400423068 /* Images.xcassets */ = {isa = PBXFileReference; lastKnownFileType = folder.assetcatalog; path = Images.xcassets; sourceTree = "<group>"; };
		E9C7E8C41ACA84C400423068 /* Base */ = {isa = PBXFileReference; lastKnownFileType = file.xib; name = Base; path = Base.lproj/LaunchScreen.xib; sourceTree = "<group>"; };
		E9C7E8CA1ACA84C400423068 /* Toms CalculatorTests.xctest */ = {isa = PBXFileReference; explicitFileType = wrapper.cfbundle; includeInIndex = 0; path = "Toms CalculatorTests.xctest"; sourceTree = BUILT_PRODUCTS_DIR; };
		E9C7E8CF1ACA84C400423068 /* Info.plist */ = {isa = PBXFileReference; lastKnownFileType = text.plist.xml; path = Info.plist; sourceTree = "<group>"; };
		E9C7E8D01ACA84C400423068 /* Toms_CalculatorTests.swift */ = {isa = PBXFileReference; lastKnownFileType = sourcecode.swift; path = Toms_CalculatorTests.swift; sourceTree = "<group>"; };
		E9C7E8DA1ACA8C2300423068 /* TomsButton.swift */ = {isa = PBXFileReference; fileEncoding = 4; lastKnownFileType = sourcecode.swift; path = TomsButton.swift; sourceTree = "<group>"; };
		E9C7E8DC1ACA8C4800423068 /* DigitButton.swift */ = {isa = PBXFileReference; fileEncoding = 4; lastKnownFileType = sourcecode.swift; path = DigitButton.swift; sourceTree = "<group>"; };
		E9C7E8DE1ACA8CC700423068 /* OperationButton.swift */ = {isa = PBXFileReference; fileEncoding = 4; lastKnownFileType = sourcecode.swift; path = OperationButton.swift; sourceTree = "<group>"; };
		E9C7E8E01ACA8CCE00423068 /* EqualsButton.swift */ = {isa = PBXFileReference; fileEncoding = 4; lastKnownFileType = sourcecode.swift; path = EqualsButton.swift; sourceTree = "<group>"; };
		E9C7E8E21ACAA09200423068 /* MyPlayground.playground */ = {isa = PBXFileReference; lastKnownFileType = file.playground; path = MyPlayground.playground; sourceTree = "<group>"; };
/* End PBXFileReference section */

/* Begin PBXFrameworksBuildPhase section */
		E9C7E8B21ACA84C400423068 /* Frameworks */ = {
			isa = PBXFrameworksBuildPhase;
			buildActionMask = 2147483647;
			files = (
			);
			runOnlyForDeploymentPostprocessing = 0;
		};
		E9C7E8C71ACA84C400423068 /* Frameworks */ = {
			isa = PBXFrameworksBuildPhase;
			buildActionMask = 2147483647;
			files = (
			);
			runOnlyForDeploymentPostprocessing = 0;
		};
/* End PBXFrameworksBuildPhase section */

/* Begin PBXGroup section */
		E9C7E8AC1ACA84C400423068 = {
			isa = PBXGroup;
			children = (
				E9C7E8B71ACA84C400423068 /* Toms Calculator */,
				E9C7E8CD1ACA84C400423068 /* Toms CalculatorTests */,
				E9C7E8B61ACA84C400423068 /* Products */,
			);
			sourceTree = "<group>";
		};
		E9C7E8B61ACA84C400423068 /* Products */ = {
			isa = PBXGroup;
			children = (
				E9C7E8B51ACA84C400423068 /* Toms Calculator.app */,
				E9C7E8CA1ACA84C400423068 /* Toms CalculatorTests.xctest */,
			);
			name = Products;
			sourceTree = "<group>";
		};
		E9C7E8B71ACA84C400423068 /* Toms Calculator */ = {
			isa = PBXGroup;
			children = (
				E9C7E8BA1ACA84C400423068 /* AppDelegate.swift */,
				E9C7E8BC1ACA84C400423068 /* ViewController.swift */,
				E9C7E8BE1ACA84C400423068 /* Main.storyboard */,
				E9C7E8DA1ACA8C2300423068 /* TomsButton.swift */,
				E9C7E8DC1ACA8C4800423068 /* DigitButton.swift */,
				E9C7E8DE1ACA8CC700423068 /* OperationButton.swift */,
				E9C7E8E01ACA8CCE00423068 /* EqualsButton.swift */,
				E9C7E8E21ACAA09200423068 /* MyPlayground.playground */,
				E9C7E8C11ACA84C400423068 /* Images.xcassets */,
				E9C7E8C31ACA84C400423068 /* LaunchScreen.xib */,
				E9C7E8B81ACA84C400423068 /* Supporting Files */,
			);
			path = "Toms Calculator";
			sourceTree = "<group>";
		};
		E9C7E8B81ACA84C400423068 /* Supporting Files */ = {
			isa = PBXGroup;
			children = (
				E9C7E8B91ACA84C400423068 /* Info.plist */,
			);
			name = "Supporting Files";
			sourceTree = "<group>";
		};
		E9C7E8CD1ACA84C400423068 /* Toms CalculatorTests */ = {
			isa = PBXGroup;
			children = (
				E9C7E8D01ACA84C400423068 /* Toms_CalculatorTests.swift */,
				E9C7E8CE1ACA84C400423068 /* Supporting Files */,
			);
			path = "Toms CalculatorTests";
			sourceTree = "<group>";
		};
		E9C7E8CE1ACA84C400423068 /* Supporting Files */ = {
			isa = PBXGroup;
			children = (
				E9C7E8CF1ACA84C400423068 /* Info.plist */,
			);
			name = "Supporting Files";
			sourceTree = "<group>";
		};
/* End PBXGroup section */

/* Begin PBXNativeTarget section */
		E9C7E8B41ACA84C400423068 /* Toms Calculator */ = {
			isa = PBXNativeTarget;
			buildConfigurationList = E9C7E8D41ACA84C400423068 /* Build configuration list for PBXNativeTarget "Toms Calculator" */;
			buildPhases = (
				E9C7E8B11ACA84C400423068 /* Sources */,
				E9C7E8B21ACA84C400423068 /* Frameworks */,
				E9C7E8B31ACA84C400423068 /* Resources */,
			);
			buildRules = (
			);
			dependencies = (
			);
			name = "Toms Calculator";
			productName = "Toms Calculator";
			productReference = E9C7E8B51ACA84C400423068 /* Toms Calculator.app */;
			productType = "com.apple.product-type.application";
		};
		E9C7E8C91ACA84C400423068 /* Toms CalculatorTests */ = {
			isa = PBXNativeTarget;
			buildConfigurationList = E9C7E8D71ACA84C400423068 /* Build configuration list for PBXNativeTarget "Toms CalculatorTests" */;
			buildPhases = (
				E9C7E8C61ACA84C400423068 /* Sources */,
				E9C7E8C71ACA84C400423068 /* Frameworks */,
				E9C7E8C81ACA84C400423068 /* Resources */,
			);
			buildRules = (
			);
			dependencies = (
				E9C7E8CC1ACA84C400423068 /* PBXTargetDependency */,
			);
			name = "Toms CalculatorTests";
			productName = "Toms CalculatorTests";
			productReference = E9C7E8CA1ACA84C400423068 /* Toms CalculatorTests.xctest */;
			productType = "com.apple.product-type.bundle.unit-test";
		};
/* End PBXNativeTarget section */

/* Begin PBXProject section */
		E9C7E8AD1ACA84C400423068 /* Project object */ = {
			isa = PBXProject;
			attributes = {
				LastUpgradeCheck = 0620;
				ORGANIZATIONNAME = "Thomas Sesselmann";
				TargetAttributes = {
					E9C7E8B41ACA84C400423068 = {
						CreatedOnToolsVersion = 6.2;
					};
					E9C7E8C91ACA84C400423068 = {
						CreatedOnToolsVersion = 6.2;
						TestTargetID = E9C7E8B41ACA84C400423068;
					};
				};
			};
			buildConfigurationList = E9C7E8B01ACA84C400423068 /* Build configuration list for PBXProject "Toms Calculator" */;
			compatibilityVersion = "Xcode 3.2";
			developmentRegion = English;
			hasScannedForEncodings = 0;
			knownRegions = (
				en,
				Base,
			);
			mainGroup = E9C7E8AC1ACA84C400423068;
			productRefGroup = E9C7E8B61ACA84C400423068 /* Products */;
			projectDirPath = "";
			projectRoot = "";
			targets = (
				E9C7E8B41ACA84C400423068 /* Toms Calculator */,
				E9C7E8C91ACA84C400423068 /* Toms CalculatorTests */,
			);
		};
/* End PBXProject section */

/* Begin PBXResourcesBuildPhase section */
		E9C7E8B31ACA84C400423068 /* Resources */ = {
			isa = PBXResourcesBuildPhase;
			buildActionMask = 2147483647;
			files = (
				E9C7E8C01ACA84C400423068 /* Main.storyboard in Resources */,
				E9C7E8C51ACA84C400423068 /* LaunchScreen.xib in Resources */,
				E9C7E8C21ACA84C400423068 /* Images.xcassets in Resources */,
			);
			runOnlyForDeploymentPostprocessing = 0;
		};
		E9C7E8C81ACA84C400423068 /* Resources */ = {
			isa = PBXResourcesBuildPhase;
			buildActionMask = 2147483647;
			files = (
			);
			runOnlyForDeploymentPostprocessing = 0;
		};
/* End PBXResourcesBuildPhase section */

/* Begin PBXSourcesBuildPhase section */
		E9C7E8B11ACA84C400423068 /* Sources */ = {
			isa = PBXSourcesBuildPhase;
			buildActionMask = 2147483647;
			files = (
				E9C7E8E11ACA8CCE00423068 /* EqualsButton.swift in Sources */,
				E9C7E8DB1ACA8C2300423068 /* TomsButton.swift in Sources */,
				E9C7E8DD1ACA8C4800423068 /* DigitButton.swift in Sources */,
				E9C7E8BD1ACA84C400423068 /* ViewController.swift in Sources */,
				E9C7E8DF1ACA8CC700423068 /* OperationButton.swift in Sources */,
				E9C7E8BB1ACA84C400423068 /* AppDelegate.swift in Sources */,
			);
			runOnlyForDeploymentPostprocessing = 0;
		};
		E9C7E8C61ACA84C400423068 /* Sources */ = {
			isa = PBXSourcesBuildPhase;
			buildActionMask = 2147483647;
			files = (
				E9C7E8D11ACA84C400423068 /* Toms_CalculatorTests.swift in Sources */,
			);
			runOnlyForDeploymentPostprocessing = 0;
		};
/* End PBXSourcesBuildPhase section */

/* Begin PBXTargetDependency section */
		E9C7E8CC1ACA84C400423068 /* PBXTargetDependency */ = {
			isa = PBXTargetDependency;
			target = E9C7E8B41ACA84C400423068 /* Toms Calculator */;
			targetProxy = E9C7E8CB1ACA84C400423068 /* PBXContainerItemProxy */;
		};
/* End PBXTargetDependency section */

/* Begin PBXVariantGroup section */
		E9C7E8BE1ACA84C400423068 /* Main.storyboard */ = {
			isa = PBXVariantGroup;
			children = (
				E9C7E8BF1ACA84C400423068 /* Base */,
			);
			name = Main.storyboard;
			sourceTree = "<group>";
		};
		E9C7E8C31ACA84C400423068 /* LaunchScreen.xib */ = {
			isa = PBXVariantGroup;
			children = (
				E9C7E8C41ACA84C400423068 /* Base */,
			);
			name = LaunchScreen.xib;
			sourceTree = "<group>";
		};
/* End PBXVariantGroup section */

/* Begin XCBuildConfiguration section */
		E9C7E8D21ACA84C400423068 /* Debug */ = {
			isa = XCBuildConfiguration;
			buildSettings = {
				ALWAYS_SEARCH_USER_PATHS = NO;
				CLANG_CXX_LANGUAGE_STANDARD = "gnu++0x";
				CLANG_CXX_LIBRARY = "libc++";
				CLANG_ENABLE_MODULES = YES;
				CLANG_ENABLE_OBJC_ARC = YES;
				CLANG_WARN_BOOL_CONVERSION = YES;
				CLANG_WARN_CONSTANT_CONVERSION = YES;
				CLANG_WARN_DIRECT_OBJC_ISA_USAGE = YES_ERROR;
				CLANG_WARN_EMPTY_BODY = YES;
				CLANG_WARN_ENUM_CONVERSION = YES;
				CLANG_WARN_INT_CONVERSION = YES;
				CLANG_WARN_OBJC_ROOT_CLASS = YES_ERROR;
				CLANG_WARN_UNREACHABLE_CODE = YES;
				CLANG_WARN__DUPLICATE_METHOD_MATCH = YES;
				"CODE_SIGN_IDENTITY[sdk=iphoneos*]" = "iPhone Developer";
				COPY_PHASE_STRIP = NO;
				ENABLE_STRICT_OBJC_MSGSEND = YES;
				GCC_C_LANGUAGE_STANDARD = gnu99;
				GCC_DYNAMIC_NO_PIC = NO;
				GCC_OPTIMIZATION_LEVEL = 0;
				GCC_PREPROCESSOR_DEFINITIONS = (
					"DEBUG=1",
					"$(inherited)",
				);
				GCC_SYMBOLS_PRIVATE_EXTERN = NO;
				GCC_WARN_64_TO_32_BIT_CONVERSION = YES;
				GCC_WARN_ABOUT_RETURN_TYPE = YES_ERROR;
				GCC_WARN_UNDECLARED_SELECTOR = YES;
				GCC_WARN_UNINITIALIZED_AUTOS = YES_AGGRESSIVE;
				GCC_WARN_UNUSED_FUNCTION = YES;
				GCC_WARN_UNUSED_VARIABLE = YES;
				IPHONEOS_DEPLOYMENT_TARGET = 8.2;
				MTL_ENABLE_DEBUG_INFO = YES;
				ONLY_ACTIVE_ARCH = YES;
				SDKROOT = iphoneos;
				SWIFT_OPTIMIZATION_LEVEL = "-Onone";
				TARGETED_DEVICE_FAMILY = "1,2";
			};
			name = Debug;
		};
		E9C7E8D31ACA84C400423068 /* Release */ = {
			isa = XCBuildConfiguration;
			buildSettings = {
				ALWAYS_SEARCH_USER_PATHS = NO;
				CLANG_CXX_LANGUAGE_STANDARD = "gnu++0x";
				CLANG_CXX_LIBRARY = "libc++";
				CLANG_ENABLE_MODULES = YES;
				CLANG_ENABLE_OBJC_ARC = YES;
				CLANG_WARN_BOOL_CONVERSION = YES;
				CLANG_WARN_CONSTANT_CONVERSION = YES;
				CLANG_WARN_DIRECT_OBJC_ISA_USAGE = YES_ERROR;
				CLANG_WARN_EMPTY_BODY = YES;
				CLANG_WARN_ENUM_CONVERSION = YES;
				CLANG_WARN_INT_CONVERSION = YES;
				CLANG_WARN_OBJC_ROOT_CLASS = YES_ERROR;
				CLANG_WARN_UNREACHABLE_CODE = YES;
				CLANG_WARN__DUPLICATE_METHOD_MATCH = YES;
				"CODE_SIGN_IDENTITY[sdk=iphoneos*]" = "iPhone Developer";
				COPY_PHASE_STRIP = NO;
				ENABLE_NS_ASSERTIONS = NO;
				ENABLE_STRICT_OBJC_MSGSEND = YES;
				GCC_C_LANGUAGE_STANDARD = gnu99;
				GCC_WARN_64_TO_32_BIT_CONVERSION = YES;
				GCC_WARN_ABOUT_RETURN_TYPE = YES_ERROR;
				GCC_WARN_UNDECLARED_SELECTOR = YES;
				GCC_WARN_UNINITIALIZED_AUTOS = YES_AGGRESSIVE;
				GCC_WARN_UNUSED_FUNCTION = YES;
				GCC_WARN_UNUSED_VARIABLE = YES;
				IPHONEOS_DEPLOYMENT_TARGET = 8.2;
				MTL_ENABLE_DEBUG_INFO = NO;
				SDKROOT = iphoneos;
				TARGETED_DEVICE_FAMILY = "1,2";
				VALIDATE_PRODUCT = YES;
			};
			name = Release;
		};
		E9C7E8D51ACA84C400423068 /* Debug */ = {
			isa = XCBuildConfiguration;
			buildSettings = {
				ASSETCATALOG_COMPILER_APPICON_NAME = AppIcon;
				INFOPLIST_FILE = "Toms Calculator/Info.plist";
				LD_RUNPATH_SEARCH_PATHS = "$(inherited) @executable_path/Frameworks";
				PRODUCT_NAME = "$(TARGET_NAME)";
			};
			name = Debug;
		};
		E9C7E8D61ACA84C400423068 /* Release */ = {
			isa = XCBuildConfiguration;
			buildSettings = {
				ASSETCATALOG_COMPILER_APPICON_NAME = AppIcon;
				INFOPLIST_FILE = "Toms Calculator/Info.plist";
				LD_RUNPATH_SEARCH_PATHS = "$(inherited) @executable_path/Frameworks";
				PRODUCT_NAME = "$(TARGET_NAME)";
			};
			name = Release;
		};
		E9C7E8D81ACA84C400423068 /* Debug */ = {
			isa = XCBuildConfiguration;
			buildSettings = {
				BUNDLE_LOADER = "$(TEST_HOST)";
				FRAMEWORK_SEARCH_PATHS = (
					"$(SDKROOT)/Developer/Library/Frameworks",
					"$(inherited)",
				);
				GCC_PREPROCESSOR_DEFINITIONS = (
					"DEBUG=1",
					"$(inherited)",
				);
				INFOPLIST_FILE = "Toms CalculatorTests/Info.plist";
				LD_RUNPATH_SEARCH_PATHS = "$(inherited) @executable_path/Frameworks @loader_path/Frameworks";
				PRODUCT_NAME = "$(TARGET_NAME)";
				TEST_HOST = "$(BUILT_PRODUCTS_DIR)/Toms Calculator.app/Toms Calculator";
			};
			name = Debug;
		};
		E9C7E8D91ACA84C400423068 /* Release */ = {
			isa = XCBuildConfiguration;
			buildSettings = {
				BUNDLE_LOADER = "$(TEST_HOST)";
				FRAMEWORK_SEARCH_PATHS = (
					"$(SDKROOT)/Developer/Library/Frameworks",
					"$(inherited)",
				);
				INFOPLIST_FILE = "Toms CalculatorTests/Info.plist";
				LD_RUNPATH_SEARCH_PATHS = "$(inherited) @executable_path/Frameworks @loader_path/Frameworks";
				PRODUCT_NAME = "$(TARGET_NAME)";
				TEST_HOST = "$(BUILT_PRODUCTS_DIR)/Toms Calculator.app/Toms Calculator";
			};
			name = Release;
		};
/* End XCBuildConfiguration section */

/* Begin XCConfigurationList section */
		E9C7E8B01ACA84C400423068 /* Build configuration list for PBXProject "Toms Calculator" */ = {
			isa = XCConfigurationList;
			buildConfigurations = (
				E9C7E8D21ACA84C400423068 /* Debug */,
				E9C7E8D31ACA84C400423068 /* Release */,
			);
			defaultConfigurationIsVisible = 0;
			defaultConfigurationName = Release;
		};
		E9C7E8D41ACA84C400423068 /* Build configuration list for PBXNativeTarget "Toms Calculator" */ = {
			isa = XCConfigurationList;
			buildConfigurations = (
				E9C7E8D51ACA84C400423068 /* Debug */,
				E9C7E8D61ACA84C400423068 /* Release */,
			);
			defaultConfigurationIsVisible = 0;
		};
		E9C7E8D71ACA84C400423068 /* Build configuration list for PBXNativeTarget "Toms CalculatorTests" */ = {
			isa = XCConfigurationList;
			buildConfigurations = (
				E9C7E8D81ACA84C400423068 /* Debug */,
				E9C7E8D91ACA84C400423068 /* Release */,
			);
			defaultConfigurationIsVisible = 0;
		};
/* End XCConfigurationList section */
	};
	rootObject = E9C7E8AD1ACA84C400423068 /* Project object */;
}
